hash: 75bc255a7e54d48ffc898674a30e2c313784d02d2a7ed9d16b7bb9097b5ad08b
updated: 2017-09-15T22:43:35.7077279+08:00
imports:
- name: github.com/denisenkom/go-mssqldb
  version: b49fae7d39756354262c5f385d4cf04f9ac6618b
- name: github.com/elastic/beats
  version: 655e403948ec6c21796168abc221ddfbc8b439b2
  subpackages:
  - libbeat/common
  - libbeat/common/file
  - libbeat/common/op
  - libbeat/logp
  - libbeat/monitoring
  - libbeat/outputs
  - libbeat/outputs/mode
  - libbeat/outputs/mode/lb
  - libbeat/outputs/mode/modeutil
  - libbeat/outputs/mode/single
  - libbeat/outputs/transport
  - libbeat/paths
  - libbeat/plugin
- name: github.com/elastic/go-ucfg
  version: ec8488a52542c0c51e42e8ea204dcaff400bc644
  subpackages:
  - cfgutil
  - flag
  - internal/parse
  - json
  - yaml
- name: github.com/go-sql-driver/mysql
  version: a0583e0143b1624142adab07e0e97fe106d99561
- name: github.com/joeshaw/multierror
  version: 69b34d4ec901851247ae7e77d33909caf9df99ed
- name: github.com/lib/pq
  version: e42267488fe361b9dc034be7a6bffef5b195bceb
  subpackages:
  - oid
- name: github.com/mattn/go-sqlite3
  version: ca5e3819723d8eeaf170ad510e7da1d6d2e94a08
- name: github.com/nranchev/go-libGeoIP
  version: c78e8bd2dd3599feb21fd30886043979e82fe948
- name: github.com/pkg/errors
  version: 01fa4104b9c248c8945d14d9f128454d5b28d595
- name: github.com/satori/go.uuid
  version: 879c5887cd475cd7864858769793b2ceb0d44feb
- name: golang.org/x/crypto
  version: b0c9c05bfe149df95eb1d25642162cca051e0466
  subpackages:
  - md4
- name: golang.org/x/net
  version: d58ca6618b994150e624f6888d871f4709db51a0
  subpackages:
  - context
  - proxy
- name: gopkg.in/yaml.v2
  version: a83829b6f1293c91addabc89d0571c246397bbf4
testImports: []
